
Microsoft Visual Studio Solution File, Format Version 12.00
# Visual Studio 15
VisualStudioVersion = 15.0.27428.2015
MinimumVisualStudioVersion = 10.0.40219.1
Project("{888888A0-9F3D-457C-B088-3A5042F75D52}") = "django_jobs_board", "django_jobs_board.pyproj", "{0FB290D2-F89B-400F-95B9-D90988B22D67}"
EndProject
Global
	GlobalSection(SolutionConfigurationPlatforms) = preSolution
		Debug|Any CPU = Debug|Any CPU
		Release|Any CPU = Release|Any CPU
	EndGlobalSection
	GlobalSection(ProjectConfigurationPlatforms) = postSolution
		{0FB290D2-F89B-400F-95B9-D90988B22D67}.Debug|Any CPU.ActiveCfg = Debug|Any CPU
		{0FB290D2-F89B-400F-95B9-D90988B22D67}.Debug|Any CPU.Build.0 = Debug|Any CPU
		{0FB290D2-F89B-400F-95B9-D90988B22D67}.Release|Any CPU.ActiveCfg = Release|Any CPU
		{0FB290D2-F89B-400F-95B9-D90988B22D67}.Release|Any CPU.Build.0 = Release|Any CPU
	EndGlobalSection
	GlobalSection(SolutionProperties) = preSolution
		HideSolutionNode = FALSE
	EndGlobalSection
	GlobalSection(ExtensibilityGlobals) = postSolution
		SolutionGuid = {B5530243-54A3-49AC-87CC-D103DA5F814A}
	EndGlobalSection
EndGlobal
